// !$*UTF8*$!
{archiveVersion = 1; classes = {}; objectVersion = 56; objects = {
66555A11D5908C2DBCCCD3A7 = {isa = PBXFileReference; lastKnownFileType = sourcecode.swift; path = "PhoneSnap/Features/PhoneSnapRelaySection.swift"; sourceTree = SOURCE_ROOT; };
ACF5D977A3395C13845D8469 = {isa = PBXBuildFile; fileRef = 66555A11D5908C2DBCCCD3A7; };
C6CE6432826A7F471CD6D35C = {isa = PBXFileReference; lastKnownFileType = sourcecode.swift; path = "PhoneSnap/Features/PhoneSnapView.swift"; sourceTree = SOURCE_ROOT; };
15C9D61023B68C5B65EED101 = {isa = PBXBuildFile; fileRef = C6CE6432826A7F471CD6D35C; };
6536996FB1644F82399D6CED = {isa = PBXFileReference; lastKnownFileType = sourcecode.swift; path = "PhoneSnap/Features/SendNearbyImageIntent.swift"; sourceTree = SOURCE_ROOT; };
00D53EFEBDB5D1D4765BC2D7 = {isa = PBXBuildFile; fileRef = 6536996FB1644F82399D6CED; };
CB56EDE4AA567E1990339196 = {isa = PBXFileReference; lastKnownFileType = sourcecode.swift; path = "PhoneSnap/PhoneSnapApp.swift"; sourceTree = SOURCE_ROOT; };
5BCBBF807F7B5CCDEC945B78 = {isa = PBXBuildFile; fileRef = CB56EDE4AA567E1990339196; };
40ABD7AB1ACB0273C9CF5131 = {isa = PBXFileReference; lastKnownFileType = sourcecode.swift; path = "../Sources/NearbyTransport/AutomaticTransfer.swift"; sourceTree = SOURCE_ROOT; };
1ED6D65518B7782B2ECE53D1 = {isa = PBXBuildFile; fileRef = 40ABD7AB1ACB0273C9CF5131; };
E51EDF57C8A141E45B1AAB8B = {isa = PBXFileReference; lastKnownFileType = sourcecode.swift; path = "../Sources/NearbyTransport/NearbyConnection.swift"; sourceTree = SOURCE_ROOT; };
4D449BEF9A336980C684805E = {isa = PBXBuildFile; fileRef = E51EDF57C8A141E45B1AAB8B; };
8604D4D8167CDD77802AA3CF = {isa = PBXFileReference; lastKnownFileType = sourcecode.swift; path = "../Sources/NearbyTransport/NearbyDiagnostics.swift"; sourceTree = SOURCE_ROOT; };
7BF9DE5B849E3A49EF96C638 = {isa = PBXBuildFile; fileRef = 8604D4D8167CDD77802AA3CF; };
1E8135AC5ADB7485C51E900D = {isa = PBXFileReference; lastKnownFileType = sourcecode.swift; path = "../Sources/NearbyTransport/NearbyProtocol.swift"; sourceTree = SOURCE_ROOT; };
C864C4A2359BD0FBB9E25C4B = {isa = PBXBuildFile; fileRef = 1E8135AC5ADB7485C51E900D; };
0ED65F96F63E1C21D2069A83 = {isa = PBXFileReference; lastKnownFileType = sourcecode.swift; path = "../Sources/NearbyTransport/NearbyReliability.swift"; sourceTree = SOURCE_ROOT; };
6035625D9D292DD54830A655 = {isa = PBXBuildFile; fileRef = 0ED65F96F63E1C21D2069A83; };
6FF76197AA69BBC3BDA3C687 = {isa = PBXFileReference; lastKnownFileType = sourcecode.swift; path = "../Sources/NearbyTransport/NearbyTrust.swift"; sourceTree = SOURCE_ROOT; };
3D9FB513EC0CB124CBF39C13 = {isa = PBXBuildFile; fileRef = 6FF76197AA69BBC3BDA3C687; };
7C405BEEF8A8DA8641C4CC01 = {isa = PBXFileReference; lastKnownFileType = sourcecode.swift; path = "../Sources/NearbyTransport/RelayCrypto.swift"; sourceTree = SOURCE_ROOT; };
34E1B4D4EA6BE46C7BA3E978 = {isa = PBXBuildFile; fileRef = 7C405BEEF8A8DA8641C4CC01; };
9317035DEC24B9DE4FEA96FE = {isa = PBXFileReference; lastKnownFileType = sourcecode.swift; path = "../Sources/NearbyTransport/RelayDiagnostics.swift"; sourceTree = SOURCE_ROOT; };
FFA934B1250C0D54A61059F0 = {isa = PBXBuildFile; fileRef = 9317035DEC24B9DE4FEA96FE; };
C4498F1556701E286EEA14B7 = {isa = PBXFileReference; lastKnownFileType = sourcecode.swift; path = "../Sources/NearbyTransport/RelayHTTP.swift"; sourceTree = SOURCE_ROOT; };
F43FA4EFFA93833B19B42D89 = {isa = PBXBuildFile; fileRef = C4498F1556701E286EEA14B7; };
6AD6AE3EADDC164526EEFA31 = {isa = PBXFileReference; lastKnownFileType = sourcecode.swift; path = "../Sources/NearbyTransport/RelayImagePreparation.swift"; sourceTree = SOURCE_ROOT; };
A9ABD10C5608B1B05619DAD8 = {isa = PBXBuildFile; fileRef = 6AD6AE3EADDC164526EEFA31; };
E4F69070792CE19CAFF807B2 = {isa = PBXFileReference; lastKnownFileType = sourcecode.swift; path = "../Sources/NearbyTransport/RelayWire.swift"; sourceTree = SOURCE_ROOT; };
6DB350FAA5F49B587984702B = {isa = PBXBuildFile; fileRef = E4F69070792CE19CAFF807B2; };
8BF729FFE074CAEE622C0292 = {isa = PBXFileReference; lastKnownFileType = folder.assetcatalog; path = PhoneSnap/Assets.xcassets; sourceTree = SOURCE_ROOT; };
5522B3B3B2EACC1C8F9BEAAC = {isa = PBXBuildFile; fileRef = 8BF729FFE074CAEE622C0292; };
A8792157CB4F27FB949C035F = {isa = PBXFileReference; explicitFileType = wrapper.application; path = PhoneSnap.app; sourceTree = BUILT_PRODUCTS_DIR; };
AD936FCBED631FA67E05C3EA = {isa = PBXGroup; children = (66555A11D5908C2DBCCCD3A7,C6CE6432826A7F471CD6D35C,6536996FB1644F82399D6CED,CB56EDE4AA567E1990339196,40ABD7AB1ACB0273C9CF5131,E51EDF57C8A141E45B1AAB8B,8604D4D8167CDD77802AA3CF,1E8135AC5ADB7485C51E900D,0ED65F96F63E1C21D2069A83,6FF76197AA69BBC3BDA3C687,7C405BEEF8A8DA8641C4CC01,9317035DEC24B9DE4FEA96FE,C4498F1556701E286EEA14B7,6AD6AE3EADDC164526EEFA31,E4F69070792CE19CAFF807B2,8BF729FFE074CAEE622C0292,0A3E27B8CA818264D75C8D81); sourceTree = "<group>"; };
0A3E27B8CA818264D75C8D81 = {isa = PBXGroup; name = Products; children = (A8792157CB4F27FB949C035F); sourceTree = "<group>"; };
878A52FC5FF6A57D50B7B870 = {isa = PBXSourcesBuildPhase; buildActionMask = 2147483647; files = (ACF5D977A3395C13845D8469,15C9D61023B68C5B65EED101,00D53EFEBDB5D1D4765BC2D7,5BCBBF807F7B5CCDEC945B78,1ED6D65518B7782B2ECE53D1,4D449BEF9A336980C684805E,7BF9DE5B849E3A49EF96C638,C864C4A2359BD0FBB9E25C4B,6035625D9D292DD54830A655,3D9FB513EC0CB124CBF39C13,34E1B4D4EA6BE46C7BA3E978,FFA934B1250C0D54A61059F0,F43FA4EFFA93833B19B42D89,A9ABD10C5608B1B05619DAD8,6DB350FAA5F49B587984702B); runOnlyForDeploymentPostprocessing = 0; };
41D311A605520FC7B8B9A980 = {isa = PBXResourcesBuildPhase; buildActionMask = 2147483647; files = (5522B3B3B2EACC1C8F9BEAAC); runOnlyForDeploymentPostprocessing = 0; };
E2AA269EB967A8853A258BFA = {isa = PBXFrameworksBuildPhase; buildActionMask = 2147483647; files = (); runOnlyForDeploymentPostprocessing = 0; };
34A04005BCAF206EEC990BD9 = {isa = PBXNativeTarget; buildConfigurationList = 4A807E8A027297B0B93701FB; buildPhases = (878A52FC5FF6A57D50B7B870,E2AA269EB967A8853A258BFA,41D311A605520FC7B8B9A980); buildRules = (); dependencies = (); name = PhoneSnap; productName = PhoneSnap; productReference = A8792157CB4F27FB949C035F; productType = "com.apple.product-type.application"; };
244210E48437B6556980A702 = {isa = PBXProject; attributes = {LastUpgradeCheck = 2600; }; buildConfigurationList = B4E10CAA9C5E22150B71559C; compatibilityVersion = "Xcode 14.0"; developmentRegion = en; hasScannedForEncodings = 0; knownRegions = (en,Base,"zh-Hans"); mainGroup = AD936FCBED631FA67E05C3EA; productRefGroup = 0A3E27B8CA818264D75C8D81; projectDirPath = ""; projectRoot = ""; targets = (34A04005BCAF206EEC990BD9); };
73EBF6644258C120893E685D = {isa = XCBuildConfiguration; buildSettings = {SDKROOT = "iphoneos"; IPHONEOS_DEPLOYMENT_TARGET = "26.0";}; name = Debug; };
0B0C687DF8B6B8DC790B519C = {isa = XCBuildConfiguration; buildSettings = {SDKROOT = "iphoneos"; IPHONEOS_DEPLOYMENT_TARGET = "26.0";}; name = Release; };
B4E10CAA9C5E22150B71559C = {isa = XCConfigurationList; buildConfigurations = (73EBF6644258C120893E685D,0B0C687DF8B6B8DC790B519C); defaultConfigurationIsVisible = 0; defaultConfigurationName = Release; };
6C7EFF6369083C8E1F2B1994 = {isa = XCBuildConfiguration; buildSettings = {SDKROOT = "iphoneos"; IPHONEOS_DEPLOYMENT_TARGET = "26.0"; PRODUCT_NAME = "$(TARGET_NAME)"; PRODUCT_MODULE_NAME = "PhoneSnapIOS"; PRODUCT_BUNDLE_IDENTIFIER = "dev.phonesnap.sender"; INFOPLIST_FILE = "PhoneSnap/Info.plist"; GENERATE_INFOPLIST_FILE = "NO"; SWIFT_VERSION = "5.0"; CODE_SIGN_STYLE = "Automatic"; TARGETED_DEVICE_FAMILY = "1"; SUPPORTED_PLATFORMS = "iphoneos iphonesimulator"; SUPPORTS_MACCATALYST = "NO"; ASSETCATALOG_COMPILER_APPICON_NAME = "AppIcon"; MARKETING_VERSION = "0.1.0"; CURRENT_PROJECT_VERSION = "1"; SWIFT_OPTIMIZATION_LEVEL = "-Onone";}; name = Debug; };
DD75E2CB1C510A828AC72D96 = {isa = XCBuildConfiguration; buildSettings = {SDKROOT = "iphoneos"; IPHONEOS_DEPLOYMENT_TARGET = "26.0"; PRODUCT_NAME = "$(TARGET_NAME)"; PRODUCT_MODULE_NAME = "PhoneSnapIOS"; PRODUCT_BUNDLE_IDENTIFIER = "dev.phonesnap.sender"; INFOPLIST_FILE = "PhoneSnap/Info.plist"; GENERATE_INFOPLIST_FILE = "NO"; SWIFT_VERSION = "5.0"; CODE_SIGN_STYLE = "Automatic"; TARGETED_DEVICE_FAMILY = "1"; SUPPORTED_PLATFORMS = "iphoneos iphonesimulator"; SUPPORTS_MACCATALYST = "NO"; ASSETCATALOG_COMPILER_APPICON_NAME = "AppIcon"; MARKETING_VERSION = "0.1.0"; CURRENT_PROJECT_VERSION = "1"; SWIFT_OPTIMIZATION_LEVEL = "-O";}; name = Release; };
4A807E8A027297B0B93701FB = {isa = XCConfigurationList; buildConfigurations = (6C7EFF6369083C8E1F2B1994,DD75E2CB1C510A828AC72D96); defaultConfigurationIsVisible = 0; defaultConfigurationName = Release; };
}; rootObject = 244210E48437B6556980A702; }
